{
  "name": "calhacks",
  "lockfileVersion": 3,
  "requires": true,
  "packages": {
    "": {
      "dependencies": {
        "@firecms/neat": "^0.2.2",
        "three.js": "^0.77.1"
      }
    },
    "node_modules/@firecms/neat": {
      "version": "0.2.2",
      "resolved": "https://registry.npmjs.org/@firecms/neat/-/neat-0.2.2.tgz",
      "integrity": "sha512-u/1DJxrA+3uiYSayHGFFsYsSBOwknAY85HIwCRK19Fobnfz3YdIzGK2NoPRLrylxsKdUu/U/1lR/GOruwd+Eog==",
      "peerDependencies": {
        "three": "^0.144.0"
      }
    },
    "node_modules/three": {
      "version": "0.144.0",
      "resolved": "https://registry.npmjs.org/three/-/three-0.144.0.tgz",
      "integrity": "sha512-R8AXPuqfjfRJKkYoTQcTK7A6i3AdO9++2n8ubya/GTU+fEHhYKu1ZooRSCPkx69jbnzT7dD/xEo6eROQTt2lJw==",
      "peer": true
    },
    "node_modules/three.js": {
      "version": "0.77.1",
      "resolved": "https://registry.npmjs.org/three.js/-/three.js-0.77.1.tgz",
      "integrity": "sha512-lVMYlBXhhHlZtsF+cQdev6WCm2fSWs3I+A6Z63j6TBmkVXOYgdo9AUCRemfsw5mllqWx23VubJ5Qt8/uWKQpJA==",
      "dependencies": {
        "three": "0.77.0"
      }
    },
    "node_modules/three.js/node_modules/three": {
      "version": "0.77.0",
      "resolved": "https://registry.npmjs.org/three/-/three-0.77.0.tgz",
      "integrity": "sha512-YWEp8ahs2l+6fAFVbanLVQoSBwVq5jDct3nZdBSHHXb5I/w5oy/LCMAzIOAguKWclRqcjR4W1BeP5QBnftGbpA==",
      "engines": {
        "node": "*"
      }
    }
  }
}
